
Microsoft Visual Studio Solution File, Format Version 12.00
# Visual Studio Version 17
VisualStudioVersion = 17.6.33829.357
MinimumVisualStudioVersion = 10.0.40219.1
Project("{9A19103F-16F7-4668-BE54-9A1E7A4F7556}") = "AgendadorOperaCloud", "AgendadorOperaCloud.csproj", "{CB2A9CB5-2A7B-4FB1-8C18-20E4C86C6F87}"
EndProject
Project("{2150E333-8FDC-42A3-9474-1A3956D46DE8}") = "Solution Items", "Solution Items", "{BFD52DD9-D270-49AA-9709-874A445326D4}"
	ProjectSection(SolutionItems) = preProject
		.editorconfig = .editorconfig
	EndProjectSection
EndProject
Global
	GlobalSection(SolutionConfigurationPlatforms) = preSolution
		Debug|Any CPU = Debug|Any CPU
		Release|Any CPU = Release|Any CPU
	EndGlobalSection
	GlobalSection(ProjectConfigurationPlatforms) = postSolution
		{CB2A9CB5-2A7B-4FB1-8C18-20E4C86C6F87}.Debug|Any CPU.ActiveCfg = Debug|Any CPU
		{CB2A9CB5-2A7B-4FB1-8C18-20E4C86C6F87}.Debug|Any CPU.Build.0 = Debug|Any CPU
		{CB2A9CB5-2A7B-4FB1-8C18-20E4C86C6F87}.Release|Any CPU.ActiveCfg = Release|Any CPU
		{CB2A9CB5-2A7B-4FB1-8C18-20E4C86C6F87}.Release|Any CPU.Build.0 = Release|Any CPU
	EndGlobalSection
	GlobalSection(SolutionProperties) = preSolution
		HideSolutionNode = FALSE
	EndGlobalSection
	GlobalSection(ExtensibilityGlobals) = postSolution
		SolutionGuid = {33784CE6-ABD7-4209-9BE8-93E353A97996}
	EndGlobalSection
EndGlobal
